
Microsoft Visual Studio Solution File, Format Version 12.00
# Visual Studio Version 16
VisualStudioVersion = 16.0.29806.167
MinimumVisualStudioVersion = 10.0.40219.1
Project("{FAE04EC0-301F-11D3-BF4B-00C04F79EFBC}") = "WindowsFormsApp1", "WindowsFormsApp1\WindowsFormsApp1.csproj", "{A725CE4F-D529-4DB0-B29F-A6C4840350E9}"
EndProject
Global
	GlobalSection(SolutionConfigurationPlatforms) = preSolution
		Debug|Any CPU = Debug|Any CPU
		Release|Any CPU = Release|Any CPU
	EndGlobalSection
	GlobalSection(ProjectConfigurationPlatforms) = postSolution
		{A725CE4F-D529-4DB0-B29F-A6C4840350E9}.Debug|Any CPU.ActiveCfg = Debug|Any CPU
		{A725CE4F-D529-4DB0-B29F-A6C4840350E9}.Debug|Any CPU.Build.0 = Debug|Any CPU
		{A725CE4F-D529-4DB0-B29F-A6C4840350E9}.Release|Any CPU.ActiveCfg = Release|Any CPU
		{A725CE4F-D529-4DB0-B29F-A6C4840350E9}.Release|Any CPU.Build.0 = Release|Any CPU
	EndGlobalSection
	GlobalSection(SolutionProperties) = preSolution
		HideSolutionNode = FALSE
	EndGlobalSection
	GlobalSection(ExtensibilityGlobals) = postSolution
		SolutionGuid = {95D3CFA0-A4AE-4306-BD23-F637D41A8960}
	EndGlobalSection
EndGlobal
